PODS:
  - AcknowList (1.5)
  - Bolts (1.9.0):
    - Bolts/AppLinks (= 1.9.0)
    - Bolts/Tasks (= 1.9.0)
  - Bolts/AppLinks (1.9.0):
    - Bolts/Tasks
  - Bolts/Tasks (1.9.0)
  - CHTCollectionViewWaterfallLayout (0.9.7):
    - CHTCollectionViewWaterfallLayout/ObjC (= 0.9.7)
  - CHTCollectionViewWaterfallLayout/ObjC (0.9.7)
  - Cosmos (13.0.0)
  - Eureka (4.1.1)
  - FacebookCore (0.3.0):
    - Bolts (~> 1.8)
    - FBSDKCoreKit (~> 4.27)
  - FacebookLogin (0.3.0):
    - Bolts (~> 1.8)
    - FacebookCore (~> 0.3)
    - FBSDKCoreKit (~> 4.27)
    - FBSDKLoginKit (~> 4.27)
  - FBSDKCoreKit (4.32.0):
    - Bolts (~> 1.7)
  - FBSDKLoginKit (4.32.0):
    - FBSDKCoreKit
  - Gloss (2.0.0)
  - GoogleSignIn (4.1.2):
    - GoogleToolboxForMac/NSDictionary+URLArguments (~> 2.1)
    - GoogleToolboxForMac/NSString+URLArguments (~> 2.1)
    - GTMOAuth2 (~> 1.0)
    - GTMSessionFetcher/Core (~> 1.1)
  - GoogleToolboxForMac/DebugUtils (2.1.4):
    - GoogleToolboxForMac/Defines (= 2.1.4)
  - GoogleToolboxForMac/Defines (2.1.4)
  - GoogleToolboxForMac/NSDictionary+URLArguments (2.1.4):
    - GoogleToolboxForMac/DebugUtils (= 2.1.4)
    - GoogleToolboxForMac/Defines (= 2.1.4)
    - GoogleToolboxForMac/NSString+URLArguments (= 2.1.4)
  - GoogleToolboxForMac/NSString+URLArguments (2.1.4)
  - GTMOAuth2 (1.1.6):
    - GTMSessionFetcher (~> 1.1)
  - GTMSessionFetcher (1.1.15):
    - GTMSessionFetcher/Full (= 1.1.15)
  - GTMSessionFetcher/Core (1.1.15)
  - GTMSessionFetcher/Full (1.1.15):
    - GTMSessionFetcher/Core (= 1.1.15)
  - IQKeyboardManagerSwift (5.0.7)
  - JWTDecode (2.1.1)
  - KeychainSwift (10.0.0)
  - Kingfisher (4.6.2)
  - LGButton (1.0.5)
  - MicrosoftAzureMobile (3.4.0)
  - SimpleImageViewer (1.1.1)
  - SkyFloatingLabelTextField (3.4.0)
  - Toast-Swift (3.0.1)
  - TransitionButton (0.3.0)
  - UIImageViewAlignedSwift (0.5.0)

DEPENDENCIES:
  - AcknowList
  - CHTCollectionViewWaterfallLayout
  - Cosmos (~> 13.0)
  - Eureka
  - FacebookCore
  - FacebookLogin
  - Gloss (~> 2.0)
  - GoogleSignIn
  - IQKeyboardManagerSwift
  - JWTDecode (~> 2.1)
  - KeychainSwift (~> 10.0)
  - Kingfisher (~> 4.0)
  - LGButton
  - MicrosoftAzureMobile (~> 3.4.0)
  - SimpleImageViewer (~> 1.1.1)
  - SkyFloatingLabelTextField (~> 3.0)
  - Toast-Swift (~> 3.0.1)
  - TransitionButton
  - UIImageViewAlignedSwift

SPEC CHECKSUMS:
  AcknowList: 93c5dbde36f37ba7f74c8a92c8d9cfb52ed73e47
  Bolts: ac6567323eac61e203f6a9763667d0f711be34c8
  CHTCollectionViewWaterfallLayout: 9d11068fafecac106695bb5a5d6d0f738483b598
  Cosmos: af3973becc045af335b64498c9812034876b7661
  Eureka: b88fb930e42c79f8c03c373d0fcdc28c1d6c50ed
  FacebookCore: 3ffa190a3f1f96cec0e44d3fc221bc322c595ffa
  FacebookLogin: 0af839ea858faef99550d16596b87b4a8e8906e6
  FBSDKCoreKit: 55d7f2ac45d9c4b9b6119f4e43900fe84b9b7b1b
  FBSDKLoginKit: 32ac05c2a59952c363c2e85aafa8f73ba93bcbad
  Gloss: b67617f327406adfd47adf20172d00680a3a31bd
  GoogleSignIn: d9ef55b10f0aa401a5de2747f59b725e4b9732ac
  GoogleToolboxForMac: 91c824d21e85b31c2aae9bb011c5027c9b4e738f
  GTMOAuth2: c77fe325e4acd453837e72d91e3b5f13116857b2
  GTMSessionFetcher: 5fa5b80fd20e439ef5f545fb2cb3ca6c6714caa2
  IQKeyboardManagerSwift: 30fb3a61de1af53a95e02b80fb54ed0a19d5ede5
  JWTDecode: 83e8b381aafe27158d9f692cbdca2b12d61d460c
  KeychainSwift: f9f7910449a0c0fd2cabc889121530dd2c477c33
  Kingfisher: 55b9c395bf8d3949676ad3861111923990ab68cf
  LGButton: 707ce916eb80b73a6c4688df34bee11adbafb663
  MicrosoftAzureMobile: 82719f7f9e1e3389d5c2fe5f6be034c344004e12
  SimpleImageViewer: 34c3a2cde2d9ac022146772cefc27fca14b0c8b1
  SkyFloatingLabelTextField: 703aa1420b697392b1e7dba25571180dde018477
  Toast-Swift: ba0b01b095aada709d915f9beb1d38184a2721c3
  TransitionButton: 0bf7e5ffe80030f9d10d57983a04acf2f511998a
  UIImageViewAlignedSwift: 2e09096e6081ad26b848e19b4bc35a7d69165740

PODFILE CHECKSUM: fcd9790dd99bc3697ba9f0a3f55a3b5a36afee45

COCOAPODS: 1.3.1
