// !$*UTF8*$!
{
	archiveVersion = 1;
	classes = {
	};
	objectVersion = 48;
	objects = {

/* Begin PBXBuildFile section */
		2546C53A2001B7E80099A165 /* Intro.storyboard in Resources */ = {isa = PBXBuildFile; fileRef = 2546C5392001B7E80099A165 /* Intro.storyboard */; };
		2546C53F200207820099A165 /* LoginViewController.swift in Sources */ = {isa = PBXBuildFile; fileRef = 2546C53E200207820099A165 /* LoginViewController.swift */; };
		2546C5412002150B0099A165 /* RegisterViewController.swift in Sources */ = {isa = PBXBuildFile; fileRef = 2546C5402002150B0099A165 /* RegisterViewController.swift */; };
		2546C5432002EC660099A165 /* Detail.storyboard in Resources */ = {isa = PBXBuildFile; fileRef = 2546C5422002EC660099A165 /* Detail.storyboard */; };
		2546C5452002EED70099A165 /* SettingsViewController.swift in Sources */ = {isa = PBXBuildFile; fileRef = 2546C5442002EED70099A165 /* SettingsViewController.swift */; };
		2546C5472002EEEA0099A165 /* SavedViewController.swift in Sources */ = {isa = PBXBuildFile; fileRef = 2546C5462002EEEA0099A165 /* SavedViewController.swift */; };
		2546C5492002EF5F0099A165 /* DetailViewController.swift in Sources */ = {isa = PBXBuildFile; fileRef = 2546C5482002EF5F0099A165 /* DetailViewController.swift */; };
		2551C0192001A1A400FE28C9 /* AppDelegate.swift in Sources */ = {isa = PBXBuildFile; fileRef = 2551C0182001A1A400FE28C9 /* AppDelegate.swift */; };
		2551C01B2001A1A400FE28C9 /* GalleryViewController.swift in Sources */ = {isa = PBXBuildFile; fileRef = 2551C01A2001A1A400FE28C9 /* GalleryViewController.swift */; };
		2551C01D2001A1A400FE28C9 /* SearchViewController.swift in Sources */ = {isa = PBXBuildFile; fileRef = 2551C01C2001A1A400FE28C9 /* SearchViewController.swift */; };
		2551C0202001A1A400FE28C9 /* Main.storyboard in Resources */ = {isa = PBXBuildFile; fileRef = 2551C01E2001A1A400FE28C9 /* Main.storyboard */; };
		2551C0222001A1A400FE28C9 /* Assets.xcassets in Resources */ = {isa = PBXBuildFile; fileRef = 2551C0212001A1A400FE28C9 /* Assets.xcassets */; };
		2551C0252001A1A400FE28C9 /* LaunchScreen.storyboard in Resources */ = {isa = PBXBuildFile; fileRef = 2551C0232001A1A400FE28C9 /* LaunchScreen.storyboard */; };
		BDC8EA3748D881E0D9B7C2DF /* Pods_AvanadeAIProject.framework in Frameworks */ = {isa = PBXBuildFile; fileRef = 6F465E77A21858290EE161A5 /* Pods_AvanadeAIProject.framework */; };
/* End PBXBuildFile section */

/* Begin PBXFileReference section */
		2546C5392001B7E80099A165 /* Intro.storyboard */ = {isa = PBXFileReference; lastKnownFileType = file.storyboard; path = Intro.storyboard; sourceTree = "<group>"; };
		2546C53E200207820099A165 /* LoginViewController.swift */ = {isa = PBXFileReference; lastKnownFileType = sourcecode.swift; path = LoginViewController.swift; sourceTree = "<group>"; };
		2546C5402002150B0099A165 /* RegisterViewController.swift */ = {isa = PBXFileReference; lastKnownFileType = sourcecode.swift; path = RegisterViewController.swift; sourceTree = "<group>"; };
		2546C5422002EC660099A165 /* Detail.storyboard */ = {isa = PBXFileReference; lastKnownFileType = file.storyboard; path = Detail.storyboard; sourceTree = "<group>"; };
		2546C5442002EED70099A165 /* SettingsViewController.swift */ = {isa = PBXFileReference; lastKnownFileType = sourcecode.swift; path = SettingsViewController.swift; sourceTree = "<group>"; };
		2546C5462002EEEA0099A165 /* SavedViewController.swift */ = {isa = PBXFileReference; lastKnownFileType = sourcecode.swift; path = SavedViewController.swift; sourceTree = "<group>"; };
		2546C5482002EF5F0099A165 /* DetailViewController.swift */ = {isa = PBXFileReference; lastKnownFileType = sourcecode.swift; path = DetailViewController.swift; sourceTree = "<group>"; };
		2551C0152001A1A400FE28C9 /* AvanadeAIProject.app */ = {isa = PBXFileReference; explicitFileType = wrapper.application; includeInIndex = 0; path = AvanadeAIProject.app; sourceTree = BUILT_PRODUCTS_DIR; };
		2551C0182001A1A400FE28C9 /* AppDelegate.swift */ = {isa = PBXFileReference; lastKnownFileType = sourcecode.swift; path = AppDelegate.swift; sourceTree = "<group>"; };
		2551C01A2001A1A400FE28C9 /* GalleryViewController.swift */ = {isa = PBXFileReference; lastKnownFileType = sourcecode.swift; path = GalleryViewController.swift; sourceTree = "<group>"; };
		2551C01C2001A1A400FE28C9 /* SearchViewController.swift */ = {isa = PBXFileReference; lastKnownFileType = sourcecode.swift; path = SearchViewController.swift; sourceTree = "<group>"; };
		2551C01F2001A1A400FE28C9 /* Base */ = {isa = PBXFileReference; lastKnownFileType = file.storyboard; name = Base; path = Base.lproj/Main.storyboard; sourceTree = "<group>"; };
		2551C0212001A1A400FE28C9 /* Assets.xcassets */ = {isa = PBXFileReference; lastKnownFileType = folder.assetcatalog; path = Assets.xcassets; sourceTree = "<group>"; };
		2551C0242001A1A400FE28C9 /* Base */ = {isa = PBXFileReference; lastKnownFileType = file.storyboard; name = Base; path = Base.lproj/LaunchScreen.storyboard; sourceTree = "<group>"; };
		2551C0262001A1A400FE28C9 /* Info.plist */ = {isa = PBXFileReference; lastKnownFileType = text.plist.xml; path = Info.plist; sourceTree = "<group>"; };
		35FD9EA9989757DD2C77E5FD /* Pods-AvanadeAIProject.debug.xcconfig */ = {isa = PBXFileReference; includeInIndex = 1; lastKnownFileType = text.xcconfig; name = "Pods-AvanadeAIProject.debug.xcconfig"; path = "Pods/Target Support Files/Pods-AvanadeAIProject/Pods-AvanadeAIProject.debug.xcconfig"; sourceTree = "<group>"; };
		6F465E77A21858290EE161A5 /* Pods_AvanadeAIProject.framework */ = {isa = PBXFileReference; explicitFileType = wrapper.framework; includeInIndex = 0; path = Pods_AvanadeAIProject.framework; sourceTree = BUILT_PRODUCTS_DIR; };
		DFF5994FD082CA22DC087ECB /* Pods-AvanadeAIProject.release.xcconfig */ = {isa = PBXFileReference; includeInIndex = 1; lastKnownFileType = text.xcconfig; name = "Pods-AvanadeAIProject.release.xcconfig"; path = "Pods/Target Support Files/Pods-AvanadeAIProject/Pods-AvanadeAIProject.release.xcconfig"; sourceTree = "<group>"; };
/* End PBXFileReference section */

/* Begin PBXFrameworksBuildPhase section */
		2551C0122001A1A400FE28C9 /* Frameworks */ = {
			isa = PBXFrameworksBuildPhase;
			buildActionMask = 2147483647;
			files = (
				BDC8EA3748D881E0D9B7C2DF /* Pods_AvanadeAIProject.framework in Frameworks */,
			);
			runOnlyForDeploymentPostprocessing = 0;
		};
/* End PBXFrameworksBuildPhase section */

/* Begin PBXGroup section */
		2546C5352001B0DE0099A165 /* Controller */ = {
			isa = PBXGroup;
			children = (
				2551C0182001A1A400FE28C9 /* AppDelegate.swift */,
				2551C01A2001A1A400FE28C9 /* GalleryViewController.swift */,
				2551C01C2001A1A400FE28C9 /* SearchViewController.swift */,
				2546C53E200207820099A165 /* LoginViewController.swift */,
				2546C5402002150B0099A165 /* RegisterViewController.swift */,
				2546C5442002EED70099A165 /* SettingsViewController.swift */,
				2546C5462002EEEA0099A165 /* SavedViewController.swift */,
				2546C5482002EF5F0099A165 /* DetailViewController.swift */,
			);
			name = Controller;
			sourceTree = "<group>";
		};
		2546C5362001B0F00099A165 /* View */ = {
			isa = PBXGroup;
			children = (
				2551C0232001A1A400FE28C9 /* LaunchScreen.storyboard */,
				2546C5392001B7E80099A165 /* Intro.storyboard */,
				2551C01E2001A1A400FE28C9 /* Main.storyboard */,
				2546C5422002EC660099A165 /* Detail.storyboard */,
			);
			name = View;
			sourceTree = "<group>";
		};
		2546C5372001B1010099A165 /* Model */ = {
			isa = PBXGroup;
			children = (
			);
			name = Model;
			sourceTree = "<group>";
		};
		2546C5382001B1070099A165 /* Supporting Files */ = {
			isa = PBXGroup;
			children = (
				2551C0262001A1A400FE28C9 /* Info.plist */,
			);
			name = "Supporting Files";
			sourceTree = "<group>";
		};
		2551C00C2001A1A400FE28C9 = {
			isa = PBXGroup;
			children = (
				2551C0172001A1A400FE28C9 /* AvanadeAIProject */,
				2551C0162001A1A400FE28C9 /* Products */,
				363F075F0E7A2F2D58B606C0 /* Pods */,
				F78D80427E9AD21B61DAEDDF /* Frameworks */,
			);
			sourceTree = "<group>";
		};
		2551C0162001A1A400FE28C9 /* Products */ = {
			isa = PBXGroup;
			children = (
				2551C0152001A1A400FE28C9 /* AvanadeAIProject.app */,
			);
			name = Products;
			sourceTree = "<group>";
		};
		2551C0172001A1A400FE28C9 /* AvanadeAIProject */ = {
			isa = PBXGroup;
			children = (
				2546C5372001B1010099A165 /* Model */,
				2546C5362001B0F00099A165 /* View */,
				2546C5352001B0DE0099A165 /* Controller */,
				2551C0212001A1A400FE28C9 /* Assets.xcassets */,
				2546C5382001B1070099A165 /* Supporting Files */,
			);
			path = AvanadeAIProject;
			sourceTree = "<group>";
		};
		363F075F0E7A2F2D58B606C0 /* Pods */ = {
			isa = PBXGroup;
			children = (
				35FD9EA9989757DD2C77E5FD /* Pods-AvanadeAIProject.debug.xcconfig */,
				DFF5994FD082CA22DC087ECB /* Pods-AvanadeAIProject.release.xcconfig */,
			);
			name = Pods;
			sourceTree = "<group>";
		};
		F78D80427E9AD21B61DAEDDF /* Frameworks */ = {
			isa = PBXGroup;
			children = (
				6F465E77A21858290EE161A5 /* Pods_AvanadeAIProject.framework */,
			);
			name = Frameworks;
			sourceTree = "<group>";
		};
/* End PBXGroup section */

/* Begin PBXNativeTarget section */
		2551C0142001A1A400FE28C9 /* AvanadeAIProject */ = {
			isa = PBXNativeTarget;
			buildConfigurationList = 2551C0292001A1A400FE28C9 /* Build configuration list for PBXNativeTarget "AvanadeAIProject" */;
			buildPhases = (
				936B8D4C712B3EE2BB8F7916 /* [CP] Check Pods Manifest.lock */,
				2551C0112001A1A400FE28C9 /* Sources */,
				2551C0122001A1A400FE28C9 /* Frameworks */,
				2551C0132001A1A400FE28C9 /* Resources */,
				07D16E26D08FD972695E4B8F /* [CP] Embed Pods Frameworks */,
				D166CBCB9895C1A945AD2D49 /* [CP] Copy Pods Resources */,
			);
			buildRules = (
			);
			dependencies = (
			);
			name = AvanadeAIProject;
			productName = AvanadeAIProject;
			productReference = 2551C0152001A1A400FE28C9 /* AvanadeAIProject.app */;
			productType = "com.apple.product-type.application";
		};
/* End PBXNativeTarget section */

/* Begin PBXProject section */
		2551C00D2001A1A400FE28C9 /* Project object */ = {
			isa = PBXProject;
			attributes = {
				LastSwiftUpdateCheck = 0920;
				LastUpgradeCheck = 0920;
				ORGANIZATIONNAME = Avanade;
				TargetAttributes = {
					2551C0142001A1A400FE28C9 = {
						CreatedOnToolsVersion = 9.2;
						LastSwiftMigration = 0920;
						ProvisioningStyle = Automatic;
					};
				};
			};
			buildConfigurationList = 2551C0102001A1A400FE28C9 /* Build configuration list for PBXProject "AvanadeAIProject" */;
			compatibilityVersion = "Xcode 8.0";
			developmentRegion = en;
			hasScannedForEncodings = 0;
			knownRegions = (
				en,
				Base,
			);
			mainGroup = 2551C00C2001A1A400FE28C9;
			productRefGroup = 2551C0162001A1A400FE28C9 /* Products */;
			projectDirPath = "";
			projectRoot = "";
			targets = (
				2551C0142001A1A400FE28C9 /* AvanadeAIProject */,
			);
		};
/* End PBXProject section */

/* Begin PBXResourcesBuildPhase section */
		2551C0132001A1A400FE28C9 /* Resources */ = {
			isa = PBXResourcesBuildPhase;
			buildActionMask = 2147483647;
			files = (
				2551C0252001A1A400FE28C9 /* LaunchScreen.storyboard in Resources */,
				2551C0222001A1A400FE28C9 /* Assets.xcassets in Resources */,
				2551C0202001A1A400FE28C9 /* Main.storyboard in Resources */,
				2546C5432002EC660099A165 /* Detail.storyboard in Resources */,
				2546C53A2001B7E80099A165 /* Intro.storyboard in Resources */,
			);
			runOnlyForDeploymentPostprocessing = 0;
		};
/* End PBXResourcesBuildPhase section */

/* Begin PBXShellScriptBuildPhase section */
		07D16E26D08FD972695E4B8F /* [CP] Embed Pods Frameworks */ = {
			isa = PBXShellScriptBuildPhase;
			buildActionMask = 2147483647;
			files = (
			);
			inputPaths = (
				"${SRCROOT}/Pods/Target Support Files/Pods-AvanadeAIProject/Pods-AvanadeAIProject-frameworks.sh",
				"${BUILT_PRODUCTS_DIR}/MicrosoftAzureMobile/MicrosoftAzureMobile.framework",
				"${BUILT_PRODUCTS_DIR}/SkyFloatingLabelTextField/SkyFloatingLabelTextField.framework",
				"${BUILT_PRODUCTS_DIR}/TransitionButton/TransitionButton.framework",
			);
			name = "[CP] Embed Pods Frameworks";
			outputPaths = (
				"${TARGET_BUILD_DIR}/${FRAMEWORKS_FOLDER_PATH}/MicrosoftAzureMobile.framework",
				"${TARGET_BUILD_DIR}/${FRAMEWORKS_FOLDER_PATH}/SkyFloatingLabelTextField.framework",
				"${TARGET_BUILD_DIR}/${FRAMEWORKS_FOLDER_PATH}/TransitionButton.framework",
			);
			runOnlyForDeploymentPostprocessing = 0;
			shellPath = /bin/sh;
			shellScript = "\"${SRCROOT}/Pods/Target Support Files/Pods-AvanadeAIProject/Pods-AvanadeAIProject-frameworks.sh\"\n";
			showEnvVarsInLog = 0;
		};
		936B8D4C712B3EE2BB8F7916 /* [CP] Check Pods Manifest.lock */ = {
			isa = PBXShellScriptBuildPhase;
			buildActionMask = 2147483647;
			files = (
			);
			inputPaths = (
				"${PODS_PODFILE_DIR_PATH}/Podfile.lock",
				"${PODS_ROOT}/Manifest.lock",
			);
			name = "[CP] Check Pods Manifest.lock";
			outputPaths = (
				"$(DERIVED_FILE_DIR)/Pods-AvanadeAIProject-checkManifestLockResult.txt",
			);
			runOnlyForDeploymentPostprocessing = 0;
			shellPath = /bin/sh;
			shellScript = "diff \"${PODS_PODFILE_DIR_PATH}/Podfile.lock\" \"${PODS_ROOT}/Manifest.lock\" > /dev/null\nif [ $? != 0 ] ; then\n    # print error to STDERR\n    echo \"error: The sandbox is not in sync with the Podfile.lock. Run 'pod install' or update your CocoaPods installation.\" >&2\n    exit 1\nfi\n# This output is used by Xcode 'outputs' to avoid re-running this script phase.\necho \"SUCCESS\" > \"${SCRIPT_OUTPUT_FILE_0}\"\n";
			showEnvVarsInLog = 0;
		};
		D166CBCB9895C1A945AD2D49 /* [CP] Copy Pods Resources */ = {
			isa = PBXShellScriptBuildPhase;
			buildActionMask = 2147483647;
			files = (
			);
			inputPaths = (
			);
			name = "[CP] Copy Pods Resources";
			outputPaths = (
			);
			runOnlyForDeploymentPostprocessing = 0;
			shellPath = /bin/sh;
			shellScript = "\"${SRCROOT}/Pods/Target Support Files/Pods-AvanadeAIProject/Pods-AvanadeAIProject-resources.sh\"\n";
			showEnvVarsInLog = 0;
		};
/* End PBXShellScriptBuildPhase section */

/* Begin PBXSourcesBuildPhase section */
		2551C0112001A1A400FE28C9 /* Sources */ = {
			isa = PBXSourcesBuildPhase;
			buildActionMask = 2147483647;
			files = (
				2546C53F200207820099A165 /* LoginViewController.swift in Sources */,
				2546C5412002150B0099A165 /* RegisterViewController.swift in Sources */,
				2546C5472002EEEA0099A165 /* SavedViewController.swift in Sources */,
				2551C01D2001A1A400FE28C9 /* SearchViewController.swift in Sources */,
				2551C0192001A1A400FE28C9 /* AppDelegate.swift in Sources */,
				2551C01B2001A1A400FE28C9 /* GalleryViewController.swift in Sources */,
				2546C5452002EED70099A165 /* SettingsViewController.swift in Sources */,
				2546C5492002EF5F0099A165 /* DetailViewController.swift in Sources */,
			);
			runOnlyForDeploymentPostprocessing = 0;
		};
/* End PBXSourcesBuildPhase section */

/* Begin PBXVariantGroup section */
		2551C01E2001A1A400FE28C9 /* Main.storyboard */ = {
			isa = PBXVariantGroup;
			children = (
				2551C01F2001A1A400FE28C9 /* Base */,
			);
			name = Main.storyboard;
			sourceTree = "<group>";
		};
		2551C0232001A1A400FE28C9 /* LaunchScreen.storyboard */ = {
			isa = PBXVariantGroup;
			children = (
				2551C0242001A1A400FE28C9 /* Base */,
			);
			name = LaunchScreen.storyboard;
			sourceTree = "<group>";
		};
/* End PBXVariantGroup section */

/* Begin XCBuildConfiguration section */
		2551C0272001A1A400FE28C9 /* Debug */ = {
			isa = XCBuildConfiguration;
			buildSettings = {
				ALWAYS_SEARCH_USER_PATHS = NO;
				CLANG_ANALYZER_NONNULL = YES;
				CLANG_ANALYZER_NUMBER_OBJECT_CONVERSION = YES_AGGRESSIVE;
				CLANG_CXX_LANGUAGE_STANDARD = "gnu++14";
				CLANG_CXX_LIBRARY = "libc++";
				CLANG_ENABLE_MODULES = YES;
				CLANG_ENABLE_OBJC_ARC = YES;
				CLANG_WARN_BLOCK_CAPTURE_AUTORELEASING = YES;
				CLANG_WARN_BOOL_CONVERSION = YES;
				CLANG_WARN_COMMA = YES;
				CLANG_WARN_CONSTANT_CONVERSION = YES;
				CLANG_WARN_DIRECT_OBJC_ISA_USAGE = YES_ERROR;
				CLANG_WARN_DOCUMENTATION_COMMENTS = YES;
				CLANG_WARN_EMPTY_BODY = YES;
				CLANG_WARN_ENUM_CONVERSION = YES;
				CLANG_WARN_INFINITE_RECURSION = YES;
				CLANG_WARN_INT_CONVERSION = YES;
				CLANG_WARN_NON_LITERAL_NULL_CONVERSION = YES;
				CLANG_WARN_OBJC_LITERAL_CONVERSION = YES;
				CLANG_WARN_OBJC_ROOT_CLASS = YES_ERROR;
				CLANG_WARN_RANGE_LOOP_ANALYSIS = YES;
				CLANG_WARN_STRICT_PROTOTYPES = YES;
				CLANG_WARN_SUSPICIOUS_MOVE = YES;
				CLANG_WARN_UNGUARDED_AVAILABILITY = YES_AGGRESSIVE;
				CLANG_WARN_UNREACHABLE_CODE = YES;
				CLANG_WARN__DUPLICATE_METHOD_MATCH = YES;
				CODE_SIGN_IDENTITY = "iPhone Developer";
				COPY_PHASE_STRIP = NO;
				DEBUG_INFORMATION_FORMAT = dwarf;
				ENABLE_STRICT_OBJC_MSGSEND = YES;
				ENABLE_TESTABILITY = YES;
				GCC_C_LANGUAGE_STANDARD = gnu11;
				GCC_DYNAMIC_NO_PIC = NO;
				GCC_NO_COMMON_BLOCKS = YES;
				GCC_OPTIMIZATION_LEVEL = 0;
				GCC_PREPROCESSOR_DEFINITIONS = (
					"DEBUG=1",
					"$(inherited)",
				);
				GCC_WARN_64_TO_32_BIT_CONVERSION = YES;
				GCC_WARN_ABOUT_RETURN_TYPE = YES_ERROR;
				GCC_WARN_UNDECLARED_SELECTOR = YES;
				GCC_WARN_UNINITIALIZED_AUTOS = YES_AGGRESSIVE;
				GCC_WARN_UNUSED_FUNCTION = YES;
				GCC_WARN_UNUSED_VARIABLE = YES;
				IPHONEOS_DEPLOYMENT_TARGET = 11.2;
				MTL_ENABLE_DEBUG_INFO = YES;
				ONLY_ACTIVE_ARCH = YES;
				SDKROOT = iphoneos;
				SWIFT_ACTIVE_COMPILATION_CONDITIONS = DEBUG;
				SWIFT_OPTIMIZATION_LEVEL = "-Onone";
			};
			name = Debug;
		};
		2551C0282001A1A400FE28C9 /* Release */ = {
			isa = XCBuildConfiguration;
			buildSettings = {
				ALWAYS_SEARCH_USER_PATHS = NO;
				CLANG_ANALYZER_NONNULL = YES;
				CLANG_ANALYZER_NUMBER_OBJECT_CONVERSION = YES_AGGRESSIVE;
				CLANG_CXX_LANGUAGE_STANDARD = "gnu++14";
				CLANG_CXX_LIBRARY = "libc++";
				CLANG_ENABLE_MODULES = YES;
				CLANG_ENABLE_OBJC_ARC = YES;
				CLANG_WARN_BLOCK_CAPTURE_AUTORELEASING = YES;
				CLANG_WARN_BOOL_CONVERSION = YES;
				CLANG_WARN_COMMA = YES;
				CLANG_WARN_CONSTANT_CONVERSION = YES;
				CLANG_WARN_DIRECT_OBJC_ISA_USAGE = YES_ERROR;
				CLANG_WARN_DOCUMENTATION_COMMENTS = YES;
				CLANG_WARN_EMPTY_BODY = YES;
				CLANG_WARN_ENUM_CONVERSION = YES;
				CLANG_WARN_INFINITE_RECURSION = YES;
				CLANG_WARN_INT_CONVERSION = YES;
				CLANG_WARN_NON_LITERAL_NULL_CONVERSION = YES;
				CLANG_WARN_OBJC_LITERAL_CONVERSION = YES;
				CLANG_WARN_OBJC_ROOT_CLASS = YES_ERROR;
				CLANG_WARN_RANGE_LOOP_ANALYSIS = YES;
				CLANG_WARN_STRICT_PROTOTYPES = YES;
				CLANG_WARN_SUSPICIOUS_MOVE = YES;
				CLANG_WARN_UNGUARDED_AVAILABILITY = YES_AGGRESSIVE;
				CLANG_WARN_UNREACHABLE_CODE = YES;
				CLANG_WARN__DUPLICATE_METHOD_MATCH = YES;
				CODE_SIGN_IDENTITY = "iPhone Developer";
				COPY_PHASE_STRIP = NO;
				DEBUG_INFORMATION_FORMAT = "dwarf-with-dsym";
				ENABLE_NS_ASSERTIONS = NO;
				ENABLE_STRICT_OBJC_MSGSEND = YES;
				GCC_C_LANGUAGE_STANDARD = gnu11;
				GCC_NO_COMMON_BLOCKS = YES;
				GCC_WARN_64_TO_32_BIT_CONVERSION = YES;
				GCC_WARN_ABOUT_RETURN_TYPE = YES_ERROR;
				GCC_WARN_UNDECLARED_SELECTOR = YES;
				GCC_WARN_UNINITIALIZED_AUTOS = YES_AGGRESSIVE;
				GCC_WARN_UNUSED_FUNCTION = YES;
				GCC_WARN_UNUSED_VARIABLE = YES;
				IPHONEOS_DEPLOYMENT_TARGET = 11.2;
				MTL_ENABLE_DEBUG_INFO = NO;
				SDKROOT = iphoneos;
				SWIFT_OPTIMIZATION_LEVEL = "-Owholemodule";
				VALIDATE_PRODUCT = YES;
			};
			name = Release;
		};
		2551C02A2001A1A400FE28C9 /* Debug */ = {
			isa = XCBuildConfiguration;
			baseConfigurationReference = 35FD9EA9989757DD2C77E5FD /* Pods-AvanadeAIProject.debug.xcconfig */;
			buildSettings = {
				ASSETCATALOG_COMPILER_APPICON_NAME = AppIcon;
				CLANG_ENABLE_MODULES = YES;
				CODE_SIGN_STYLE = Automatic;
				FRAMEWORK_SEARCH_PATHS = (
					"$(inherited)",
					"$(PROJECT_DIR)",
				);
				INFOPLIST_FILE = AvanadeAIProject/Info.plist;
				LD_RUNPATH_SEARCH_PATHS = "$(inherited) @executable_path/Frameworks";
				PRODUCT_BUNDLE_IDENTIFIER = edu.cpp.AvanadeAIProject;
				PRODUCT_NAME = "$(TARGET_NAME)";
				SWIFT_OBJC_BRIDGING_HEADER = "";
				SWIFT_OPTIMIZATION_LEVEL = "-Onone";
				SWIFT_VERSION = 4.0;
				TARGETED_DEVICE_FAMILY = 1;
			};
			name = Debug;
		};
		2551C02B2001A1A400FE28C9 /* Release */ = {
			isa = XCBuildConfiguration;
			baseConfigurationReference = DFF5994FD082CA22DC087ECB /* Pods-AvanadeAIProject.release.xcconfig */;
			buildSettings = {
				ASSETCATALOG_COMPILER_APPICON_NAME = AppIcon;
				CLANG_ENABLE_MODULES = YES;
				CODE_SIGN_STYLE = Automatic;
				FRAMEWORK_SEARCH_PATHS = (
					"$(inherited)",
					"$(PROJECT_DIR)",
				);
				INFOPLIST_FILE = AvanadeAIProject/Info.plist;
				LD_RUNPATH_SEARCH_PATHS = "$(inherited) @executable_path/Frameworks";
				PRODUCT_BUNDLE_IDENTIFIER = edu.cpp.AvanadeAIProject;
				PRODUCT_NAME = "$(TARGET_NAME)";
				SWIFT_OBJC_BRIDGING_HEADER = "";
				SWIFT_VERSION = 4.0;
				TARGETED_DEVICE_FAMILY = 1;
			};
			name = Release;
		};
/* End XCBuildConfiguration section */

/* Begin XCConfigurationList section */
		2551C0102001A1A400FE28C9 /* Build configuration list for PBXProject "AvanadeAIProject" */ = {
			isa = XCConfigurationList;
			buildConfigurations = (
				2551C0272001A1A400FE28C9 /* Debug */,
				2551C0282001A1A400FE28C9 /* Release */,
			);
			defaultConfigurationIsVisible = 0;
			defaultConfigurationName = Release;
		};
		2551C0292001A1A400FE28C9 /* Build configuration list for PBXNativeTarget "AvanadeAIProject" */ = {
			isa = XCConfigurationList;
			buildConfigurations = (
				2551C02A2001A1A400FE28C9 /* Debug */,
				2551C02B2001A1A400FE28C9 /* Release */,
			);
			defaultConfigurationIsVisible = 0;
			defaultConfigurationName = Release;
		};
/* End XCConfigurationList section */
	};
	rootObject = 2551C00D2001A1A400FE28C9 /* Project object */;
}
